
Microsoft Visual Studio Solution File, Format Version 12.00
# Visual Studio Version 16
VisualStudioVersion = 16.0.30204.135
MinimumVisualStudioVersion = 10.0.40219.1
Project("{FAE04EC0-301F-11D3-BF4B-00C04F79EFBC}") = "ATS.Engine", "ATS.Engine\ATS.Engine.csproj", "{D3726A74-A85B-4D95-A45C-03F3A3E659C3}"
EndProject
Project("{FAE04EC0-301F-11D3-BF4B-00C04F79EFBC}") = "ATS.Engine.Testing", "ATS.Engine.Testing\ATS.Engine.Testing.csproj", "{DBED047D-CAFC-46FB-A458-8B5E5536BD4C}"
EndProject
Project("{FAE04EC0-301F-11D3-BF4B-00C04F79EFBC}") = "ATS.Engine.Testing.Labs", "ATS.Engine.Testing.Labs\ATS.Engine.Testing.Labs.csproj", "{1B00C36C-D1E3-413E-9639-2C8DCEE6B42B}"
EndProject
Global
	GlobalSection(SolutionConfigurationPlatforms) = preSolution
		Debug|Any CPU = Debug|Any CPU
		Release|Any CPU = Release|Any CPU
	EndGlobalSection
	GlobalSection(ProjectConfigurationPlatforms) = postSolution
		{D3726A74-A85B-4D95-A45C-03F3A3E659C3}.Debug|Any CPU.ActiveCfg = Debug|Any CPU
		{D3726A74-A85B-4D95-A45C-03F3A3E659C3}.Debug|Any CPU.Build.0 = Debug|Any CPU
		{D3726A74-A85B-4D95-A45C-03F3A3E659C3}.Release|Any CPU.ActiveCfg = Release|Any CPU
		{D3726A74-A85B-4D95-A45C-03F3A3E659C3}.Release|Any CPU.Build.0 = Release|Any CPU
		{DBED047D-CAFC-46FB-A458-8B5E5536BD4C}.Debug|Any CPU.ActiveCfg = Debug|Any CPU
		{DBED047D-CAFC-46FB-A458-8B5E5536BD4C}.Debug|Any CPU.Build.0 = Debug|Any CPU
		{DBED047D-CAFC-46FB-A458-8B5E5536BD4C}.Release|Any CPU.ActiveCfg = Release|Any CPU
		{DBED047D-CAFC-46FB-A458-8B5E5536BD4C}.Release|Any CPU.Build.0 = Release|Any CPU
		{1B00C36C-D1E3-413E-9639-2C8DCEE6B42B}.Debug|Any CPU.ActiveCfg = Debug|Any CPU
		{1B00C36C-D1E3-413E-9639-2C8DCEE6B42B}.Debug|Any CPU.Build.0 = Debug|Any CPU
		{1B00C36C-D1E3-413E-9639-2C8DCEE6B42B}.Release|Any CPU.ActiveCfg = Release|Any CPU
		{1B00C36C-D1E3-413E-9639-2C8DCEE6B42B}.Release|Any CPU.Build.0 = Release|Any CPU
	EndGlobalSection
	GlobalSection(SolutionProperties) = preSolution
		HideSolutionNode = FALSE
	EndGlobalSection
	GlobalSection(ExtensibilityGlobals) = postSolution
		SolutionGuid = {C7AC8B8A-B324-4015-A459-05D64762B968}
	EndGlobalSection
EndGlobal
